
Microsoft Visual Studio Solution File, Format Version 12.00
# Visual Studio Version 16
VisualStudioVersion = 16.0.29424.173
MinimumVisualStudioVersion = 10.0.40219.1
Project("{9A19103F-16F7-4668-BE54-9A1E7A4F7556}") = "CoreDemo", "CoreDemo.csproj", "{E620474C-DB5E-406A-B407-DE59082078EB}"
EndProject
Project("{9A19103F-16F7-4668-BE54-9A1E7A4F7556}") = "CoreDemo.Core", "..\CoreDemo.Core\CoreDemo.Core.csproj", "{C83A7540-36D5-41B2-98BA-62CBF46FC649}"
EndProject
Project("{9A19103F-16F7-4668-BE54-9A1E7A4F7556}") = "CoreDemo.Data", "..\CoreDemo.Data\CoreDemo.Data.csproj", "{5442EB42-661B-4729-89A4-E0D7DB76D261}"
EndProject
Global
	GlobalSection(SolutionConfigurationPlatforms) = preSolution
		Debug|Any CPU = Debug|Any CPU
		Release|Any CPU = Release|Any CPU
	EndGlobalSection
	GlobalSection(ProjectConfigurationPlatforms) = postSolution
		{E620474C-DB5E-406A-B407-DE59082078EB}.Debug|Any CPU.ActiveCfg = Debug|Any CPU
		{E620474C-DB5E-406A-B407-DE59082078EB}.Debug|Any CPU.Build.0 = Debug|Any CPU
		{E620474C-DB5E-406A-B407-DE59082078EB}.Release|Any CPU.ActiveCfg = Release|Any CPU
		{E620474C-DB5E-406A-B407-DE59082078EB}.Release|Any CPU.Build.0 = Release|Any CPU
		{C83A7540-36D5-41B2-98BA-62CBF46FC649}.Debug|Any CPU.ActiveCfg = Debug|Any CPU
		{C83A7540-36D5-41B2-98BA-62CBF46FC649}.Debug|Any CPU.Build.0 = Debug|Any CPU
		{C83A7540-36D5-41B2-98BA-62CBF46FC649}.Release|Any CPU.ActiveCfg = Release|Any CPU
		{C83A7540-36D5-41B2-98BA-62CBF46FC649}.Release|Any CPU.Build.0 = Release|Any CPU
		{5442EB42-661B-4729-89A4-E0D7DB76D261}.Debug|Any CPU.ActiveCfg = Debug|Any CPU
		{5442EB42-661B-4729-89A4-E0D7DB76D261}.Debug|Any CPU.Build.0 = Debug|Any CPU
		{5442EB42-661B-4729-89A4-E0D7DB76D261}.Release|Any CPU.ActiveCfg = Release|Any CPU
		{5442EB42-661B-4729-89A4-E0D7DB76D261}.Release|Any CPU.Build.0 = Release|Any CPU
	EndGlobalSection
	GlobalSection(SolutionProperties) = preSolution
		HideSolutionNode = FALSE
	EndGlobalSection
	GlobalSection(ExtensibilityGlobals) = postSolution
		SolutionGuid = {71A25A7A-3CB3-4ABE-B3DB-B56EA154E0E7}
	EndGlobalSection
EndGlobal
